
Microsoft Visual Studio Solution File, Format Version 12.00
# Visual Studio Version 17
VisualStudioVersion = 17.14.36310.24 d17.14
MinimumVisualStudioVersion = 10.0.40219.1
Project("{FAE04EC0-301F-11D3-BF4B-00C04F79EFBC}") = "Task_3", "Task_3\Task_3.csproj", "{193A6F43-AE29-42DF-AA53-B648D3F3FE08}"
EndProject
Global
	GlobalSection(SolutionConfigurationPlatforms) = preSolution
		Debug|Any CPU = Debug|Any CPU
		Release|Any CPU = Release|Any CPU
	EndGlobalSection
	GlobalSection(ProjectConfigurationPlatforms) = postSolution
		{193A6F43-AE29-42DF-AA53-B648D3F3FE08}.Debug|Any CPU.ActiveCfg = Debug|Any CPU
		{193A6F43-AE29-42DF-AA53-B648D3F3FE08}.Debug|Any CPU.Build.0 = Debug|Any CPU
		{193A6F43-AE29-42DF-AA53-B648D3F3FE08}.Release|Any CPU.ActiveCfg = Release|Any CPU
		{193A6F43-AE29-42DF-AA53-B648D3F3FE08}.Release|Any CPU.Build.0 = Release|Any CPU
	EndGlobalSection
	GlobalSection(SolutionProperties) = preSolution
		HideSolutionNode = FALSE
	EndGlobalSection
	GlobalSection(ExtensibilityGlobals) = postSolution
		SolutionGuid = {0210445C-A14B-414B-9FFA-6008576E8C5F}
	EndGlobalSection
EndGlobal
